
Microsoft Visual Studio Solution File, Format Version 11.00
# Visual Studio 2010
Project("{FAE04EC0-301F-11D3-BF4B-00C04F79EFBC}") = "Vista", "Vista\Vista.csproj", "{FB46128A-52D7-4861-B0BD-2BAF619EF87F}"
EndProject
Project("{FAE04EC0-301F-11D3-BF4B-00C04F79EFBC}") = "ClasesBase", "ClasesBase\ClasesBase.csproj", "{F91B70F6-ABE4-46E6-BBF0-B33B4BFDC2DB}"
EndProject
Global
	GlobalSection(SolutionConfigurationPlatforms) = preSolution
		Debug|Any CPU = Debug|Any CPU
		Debug|Mixed Platforms = Debug|Mixed Platforms
		Debug|x86 = Debug|x86
		Release|Any CPU = Release|Any CPU
		Release|Mixed Platforms = Release|Mixed Platforms
		Release|x86 = Release|x86
	EndGlobalSection
	GlobalSection(ProjectConfigurationPlatforms) = postSolution
		{FB46128A-52D7-4861-B0BD-2BAF619EF87F}.Debug|Any CPU.ActiveCfg = Debug|x86
		{FB46128A-52D7-4861-B0BD-2BAF619EF87F}.Debug|Mixed Platforms.ActiveCfg = Debug|x86
		{FB46128A-52D7-4861-B0BD-2BAF619EF87F}.Debug|Mixed Platforms.Build.0 = Debug|x86
		{FB46128A-52D7-4861-B0BD-2BAF619EF87F}.Debug|x86.ActiveCfg = Debug|x86
		{FB46128A-52D7-4861-B0BD-2BAF619EF87F}.Debug|x86.Build.0 = Debug|x86
		{FB46128A-52D7-4861-B0BD-2BAF619EF87F}.Release|Any CPU.ActiveCfg = Release|x86
		{FB46128A-52D7-4861-B0BD-2BAF619EF87F}.Release|Mixed Platforms.ActiveCfg = Release|x86
		{FB46128A-52D7-4861-B0BD-2BAF619EF87F}.Release|Mixed Platforms.Build.0 = Release|x86
		{FB46128A-52D7-4861-B0BD-2BAF619EF87F}.Release|x86.ActiveCfg = Release|x86
		{FB46128A-52D7-4861-B0BD-2BAF619EF87F}.Release|x86.Build.0 = Release|x86
		{F91B70F6-ABE4-46E6-BBF0-B33B4BFDC2DB}.Debug|Any CPU.ActiveCfg = Debug|Any CPU
		{F91B70F6-ABE4-46E6-BBF0-B33B4BFDC2DB}.Debug|Any CPU.Build.0 = Debug|Any CPU
		{F91B70F6-ABE4-46E6-BBF0-B33B4BFDC2DB}.Debug|Mixed Platforms.ActiveCfg = Debug|Any CPU
		{F91B70F6-ABE4-46E6-BBF0-B33B4BFDC2DB}.Debug|Mixed Platforms.Build.0 = Debug|Any CPU
		{F91B70F6-ABE4-46E6-BBF0-B33B4BFDC2DB}.Debug|x86.ActiveCfg = Debug|Any CPU
		{F91B70F6-ABE4-46E6-BBF0-B33B4BFDC2DB}.Release|Any CPU.ActiveCfg = Release|Any CPU
		{F91B70F6-ABE4-46E6-BBF0-B33B4BFDC2DB}.Release|Any CPU.Build.0 = Release|Any CPU
		{F91B70F6-ABE4-46E6-BBF0-B33B4BFDC2DB}.Release|Mixed Platforms.ActiveCfg = Release|Any CPU
		{F91B70F6-ABE4-46E6-BBF0-B33B4BFDC2DB}.Release|Mixed Platforms.Build.0 = Release|Any CPU
		{F91B70F6-ABE4-46E6-BBF0-B33B4BFDC2DB}.Release|x86.ActiveCfg = Release|Any CPU
	EndGlobalSection
	GlobalSection(SolutionProperties) = preSolution
		HideSolutionNode = FALSE
	EndGlobalSection
EndGlobal
